skills:
  zod-skilld:
    packageName: zod
    version: 3.25.76
    packages: "zod@3.25.76"
    repo: colinhacks/zod
    source: "https://zod.dev/llms.txt"
    syncedAt: 2026-03-09
    generator: skilld
  cheerio-skilld:
    packageName: cheerio
    version: 1.2.0
    packages: "cheerio@1.2.0"
    repo: cheeriojs/cheerio
    source: "https://github.com/cheeriojs/cheerio/tree/v1.2.0/docs"
    syncedAt: 2026-03-09
    generator: skilld
  fastmcp-skilld:
    packageName: fastmcp
    version: 1.27.7
    repo: punkpeye/fastmcp
    source: "ungh://punkpeye/fastmcp"
    syncedAt: 2026-03-09
    generator: skilld
  sharp-skilld:
    packageName: sharp
    version: 0.33.5
    packages: "sharp@0.33.5"
    repo: lovell/sharp
    source: "ungh://lovell/sharp@v0.33.5"
    syncedAt: 2026-03-09
    generator: skilld
